# THIS IS AN AUTOGENERATED FILE. DO NOT EDIT THIS FILE DIRECTLY.
# yarn lockfile v1


"@babel/code-frame@^7.0.0":
  version "7.16.7"
  resolved "https://registry.yarnpkg.com/@babel/code-frame/-/code-frame-7.16.7.tgz#44416b6bd7624b998f5b1af5d470856c40138789"
  integrity sha512-iAXqUn8IIeBTNd72xsFlgaXHkMBMt6y4HJp1tIaK465CWLT/fG1aqB7ykr95gHHmlBdGbFeWWfyB4NJJ0nmeIg==
  dependencies:
    "@babel/highlight" "^7.16.7"

"@babel/helper-validator-identifier@^7.16.7":
  version "7.16.7"
  resolved "https://registry.yarnpkg.com/@babel/helper-validator-identifier/-/helper-validator-identifier-7.16.7.tgz#e8c602438c4a8195751243da9031d1607d247cad"
  integrity sha512-hsEnFemeiW4D08A5gUAZxLBTXpZ39P+a+DGDsHw1yxqyQ/jzFEnxf5uTEGp+3bzAbNOxU1paTgYS4ECU/IgfDw==

"@babel/highlight@^7.16.7":
  version "7.16.10"
  resolved "https://registry.yarnpkg.com/@babel/highlight/-/highlight-7.16.10.tgz#744f2eb81579d6eea753c227b0f570ad785aba88"
  integrity sha512-5FnTQLSLswEj6IkgVw5KusNUUFY9ZGqe/TRFnP/BKYHYgfh7tc+C7mwiy95/yNP7Dh9x580Vv8r7u7ZfTBFxdw==
  dependencies:
    "@babel/helper-validator-identifier" "^7.16.7"
    chalk "^2.0.0"
    js-tokens "^4.0.0"

"@gar/promisify@^1.0.1":
  version "1.1.2"
  resolved "https://registry.yarnpkg.com/@gar/promisify/-/promisify-1.1.2.tgz#30aa825f11d438671d585bd44e7fd564535fc210"
  integrity sha512-82cpyJyKRoQoRi+14ibCeGPu0CwypgtBAdBhq1WfvagpCZNKqwXbKwXllYSMG91DhmG4jt9gN8eP6lGOtozuaw==

"@npmcli/fs@^1.0.0":
  version "1.1.0"
  resolved "https://registry.yarnpkg.com/@npmcli/fs/-/fs-1.1.0.tgz#bec1d1b89c170d40e1b73ad6c943b0b75e7d2951"
  integrity sha512-VhP1qZLXcrXRIaPoqb4YA55JQxLNF3jNR4T55IdOJa3+IFJKNYHtPvtXx8slmeMavj37vCzCfrqQM1vWLsYKLA==
  dependencies:
    "@gar/promisify" "^1.0.1"
    semver "^7.3.5"

"@npmcli/move-file@^1.0.1":
  version "1.1.2"
  resolved "https://registry.yarnpkg.com/@npmcli/move-file/-/move-file-1.1.2.tgz#1a82c3e372f7cae9253eb66d72543d6b8685c674"
  integrity sha512-1SUf/Cg2GzGDyaf15aR9St9TWlb+XvbZXWpDx8YKs7MLzMH/BCeopv+y9vzrzgkfykCGuWOlSu3mZhj2+FQcrg==
  dependencies:
    mkdirp "^1.0.4"
    rimraf "^3.0.2"

"@tootallnate/once@2":
  version "2.0.0"
  resolved "https://registry.yarnpkg.com/@tootallnate/once/-/once-2.0.0.tgz#f544a148d3ab35801c1f633a7441fd87c2e484bf"
  integrity sha512-XCuKFP5PS55gnMVu3dty8KPatLqUoy/ZYzDzAGCQ8JNFCkLXzmI7vNHCR+XpbZaMWQK/vQubr7PkYq8g470J/A==

"@types/lodash@^4.14.178":
  version "4.14.178"
  resolved "https://registry.yarnpkg.com/@types/lodash/-/lodash-4.14.178.tgz#341f6d2247db528d4a13ddbb374bcdc80406f4f8"
  integrity sha512-0d5Wd09ItQWH1qFbEyQ7oTQ3GZrMfth5JkbN3EvTKLXcHLRDSXeLnlvlOn0wvxVIwK5o2M8JzP/OWz7T3NRsbw==

"@types/node@*", "@types/node@^17.0.17":
  version "17.0.17"
  resolved "https://registry.yarnpkg.com/@types/node/-/node-17.0.17.tgz#a8ddf6e0c2341718d74ee3dc413a13a042c45a0c"
  integrity sha512-e8PUNQy1HgJGV3iU/Bp2+D/DXh3PYeyli8LgIwsQcs1Ar1LoaWHSIT6Rw+H2rNJmiq6SNWiDytfx8+gYj7wDHw==

"@types/yauzl@^2.9.1":
  version "2.9.2"
  resolved "https://registry.yarnpkg.com/@types/yauzl/-/yauzl-2.9.2.tgz#c48e5d56aff1444409e39fa164b0b4d4552a7b7a"
  integrity sha512-8uALY5LTvSuHgloDVUvWP3pIauILm+8/0pDMokuDYIoNsOkSwd5AiHBTSEJjKTDcZr5z8UpgOWZkxBF4iJftoA==
  dependencies:
    "@types/node" "*"

agent-base@6, agent-base@^6.0.2:
  version "6.0.2"
  resolved "https://registry.yarnpkg.com/agent-base/-/agent-base-6.0.2.tgz#49fff58577cfee3f37176feab4c22e00f86d7f77"
  integrity sha512-RZNwNclF7+MS/8bDg70amg32dyeZGZxiDuQmZxKLAlQjr3jGyLx+4Kkk58UO7D2QdgFIQCovuSuZESne6RG6XQ==
  dependencies:
    debug "4"

agentkeepalive@^4.2.0:
  version "4.2.0"
  resolved "https://registry.yarnpkg.com/agentkeepalive/-/agentkeepalive-4.2.0.tgz#616ce94ccb41d1a39a45d203d8076fe98713062d"
  integrity sha512-0PhAp58jZNw13UJv7NVdTGb0ZcghHUb3DrZ046JiiJY/BOaTTpbwdHq2VObPCBV8M2GPh7sgrJ3AQ8Ey468LJw==
  dependencies:
    debug "^4.1.0"
    depd "^1.1.2"
    humanize-ms "^1.2.1"

aggregate-error@^3.0.0:
  version "3.1.0"
  resolved "https://registry.yarnpkg.com/aggregate-error/-/aggregate-error-3.1.0.tgz#92670ff50f5359bdb7a3e0d40d0ec30c5737687a"
  integrity sha512-4I7Td01quW/RpocfNayFdFVk1qSuoh0E7JrbRJ16nH01HhKFQ88INq9Sd+nd72zqRySlr9BmDA8xlEJ6vJMrYA==
  dependencies:
    clean-stack "^2.0.0"
    indent-string "^4.0.0"

ansi-styles@^3.2.1:
  version "3.2.1"
  resolved "https://registry.yarnpkg.com/ansi-styles/-/ansi-styles-3.2.1.tgz#41fbb20243e50b12be0f04b8dedbf07520ce841d"
  integrity sha512-VT0ZI6kZRdTh8YyJw3SMbYm/u+NqfsAxEpWO0Pf9sq8/e94WxxOpPKx9FR1FlyCtOVDNOQ+8ntlqFxiRc+r5qA==
  dependencies:
    color-convert "^1.9.0"

ansi-styles@^4.1.0:
  version "4.3.0"
  resolved "https://registry.yarnpkg.com/ansi-styles/-/ansi-styles-4.3.0.tgz#edd803628ae71c04c85ae7a0906edad34b648937"
  integrity sha512-zbB9rCJAT1rbjiVDb2hqKFHNYLxgtk8NURxZ3IZwD3F6NtxbXZQCnnSi1Lkx+IDohdPlFp222wVALIheZJQSEg==
  dependencies:
    color-convert "^2.0.1"

argparse@^1.0.7:
  version "1.0.10"
  resolved "https://registry.yarnpkg.com/argparse/-/argparse-1.0.10.tgz#bcd6791ea5ae09725e17e5ad988134cd40b3d911"
  integrity sha512-o5Roy6tNG4SL/FOkCAN6RzjiakZS25RLYFrcMttJqbdd8BWrnA+fGz57iN5Pb06pvBGvl5gQ0B48dJlslXvoTg==
  dependencies:
    sprintf-js "~1.0.2"

asynckit@^0.4.0:
  version "0.4.0"
  resolved "https://registry.yarnpkg.com/asynckit/-/asynckit-0.4.0.tgz#c79ed97f7f34cb8f2ba1bc9790bcc366474b4b79"
  integrity sha1-x57Zf380y48robyXkLzDZkdLS3k=

balanced-match@^1.0.0:
  version "1.0.2"
  resolved "https://registry.yarnpkg.com/balanced-match/-/balanced-match-1.0.2.tgz#e83e3a7e3f300b34cb9d87f615fa0cbf357690ee"
  integrity sha512-3oSeUO0TMV67hN1AmbXsK4yaqU7tjiHlbxRDZOpH0KW9+CeX4bRAaX0Anxt0tx2MrpRpWwQaPwIlISEJhYU5Pw==

brace-expansion@^1.1.7:
  version "1.1.11"
  resolved "https://registry.yarnpkg.com/brace-expansion/-/brace-expansion-1.1.11.tgz#3c7fcbf529d87226f3d2f52b966ff5271eb441dd"
  integrity sha512-iCuPHDFgrHX7H2vEI/5xpz07zSHB00TpugqhmYtVmMO6518mCuRMoOYFldEBl0g187ufozdaHgWKcYFb61qGiA==
  dependencies:
    balanced-match "^1.0.0"
    concat-map "0.0.1"

browser-manager@^1.1.19:
  version "1.1.19"
  resolved "https://registry.yarnpkg.com/browser-manager/-/browser-manager-1.1.19.tgz#d9a1fa123f9cb235a7ee7e127cf70aae875f45a6"
  integrity sha512-iHan6Xwwvw8DogJeURrDkQTJkmfNaVIvoX4e9+KC2WCl5eYvOl4805kxBhnEGZxyNYl1KwYl8hFprz6wHImWoQ==
  dependencies:
    is-running-process "^1.0.0"
    lodash "^4.17.21"
    playwright "^1.18.1"
    time-helpers "^1.0.0"
    tor-mgr "^1.0.0"

buffer-crc32@~0.2.3:
  version "0.2.13"
  resolved "https://registry.yarnpkg.com/buffer-crc32/-/buffer-crc32-0.2.13.tgz#0d333e3f00eac50aa1454abd30ef8c2a5d9a7242"
  integrity sha1-DTM+PwDqxQqhRUq9MO+MKl2ackI=

builtin-modules@^1.1.1:
  version "1.1.1"
  resolved "https://registry.yarnpkg.com/builtin-modules/-/builtin-modules-1.1.1.tgz#270f076c5a72c02f5b65a47df94c5fe3a278892f"
  integrity sha1-Jw8HbFpywC9bZaR9+Uxf46J4iS8=

cacache@^15.3.0:
  version "15.3.0"
  resolved "https://registry.yarnpkg.com/cacache/-/cacache-15.3.0.tgz#dc85380fb2f556fe3dda4c719bfa0ec875a7f1eb"
  integrity sha512-VVdYzXEn+cnbXpFgWs5hTT7OScegHVmLhJIR8Ufqk3iFD6A6j5iSX1KuBTfNEv4tdJWE2PzA6IVFtcLC7fN9wQ==
  dependencies:
    "@npmcli/fs" "^1.0.0"
    "@npmcli/move-file" "^1.0.1"
    chownr "^2.0.0"
    fs-minipass "^2.0.0"
    glob "^7.1.4"
    infer-owner "^1.0.4"
    lru-cache "^6.0.0"
    minipass "^3.1.1"
    minipass-collect "^1.0.2"
    minipass-flush "^1.0.5"
    minipass-pipeline "^1.2.2"
    mkdirp "^1.0.3"
    p-map "^4.0.0"
    promise-inflight "^1.0.1"
    rimraf "^3.0.2"
    ssri "^8.0.1"
    tar "^6.0.2"
    unique-filename "^1.1.1"

chalk@^2.0.0, chalk@^2.3.0:
  version "2.4.2"
  resolved "https://registry.yarnpkg.com/chalk/-/chalk-2.4.2.tgz#cd42541677a54333cf541a49108c1432b44c9424"
  integrity sha512-Mti+f9lpJNcwF4tWV8/OrTTtF1gZi+f8FqlyAdouralcFWFQWF2+NgCHShjkCb+IFBLq9buZwE1xckQU4peSuQ==
  dependencies:
    ansi-styles "^3.2.1"
    escape-string-regexp "^1.0.5"
    supports-color "^5.3.0"

chalk@^4.0.0:
  version "4.1.2"
  resolved "https://registry.yarnpkg.com/chalk/-/chalk-4.1.2.tgz#aac4e2b7734a740867aeb16bf02aad556a1e7a01"
  integrity sha512-oKnbhFyRIXpUuez8iBMmyEa4nbj4IOQyuhc/wy9kY7/WVPcwIO9VA668Pu8RkO7+0G76SLROeyw9CpQ061i4mA==
  dependencies:
    ansi-styles "^4.1.0"
    supports-color "^7.1.0"

chownr@^2.0.0:
  version "2.0.0"
  resolved "https://registry.yarnpkg.com/chownr/-/chownr-2.0.0.tgz#15bfbe53d2eab4cf70f18a8cd68ebe5b3cb1dece"
  integrity sha512-bIomtDF5KGpdogkLd9VspvFzk9KfpyyGlS8YFVZl7TGPBHL5snIOnxeshwVgPteQ9b4Eydl+pVbIyE1DcvCWgQ==

clean-stack@^2.0.0:
  version "2.2.0"
  resolved "https://registry.yarnpkg.com/clean-stack/-/clean-stack-2.2.0.tgz#ee8472dbb129e727b31e8a10a427dee9dfe4008b"
  integrity sha512-4diC9HaTE+KRAMWhDhrGOECgWZxoevMc5TlkObMqNSsVU62PYzXZ/SMTjzyGAFF1YusgxGcSWTEXBhp0CPwQ1A==

color-convert@^1.9.0:
  version "1.9.3"
  resolved "https://registry.yarnpkg.com/color-convert/-/color-convert-1.9.3.tgz#bb71850690e1f136567de629d2d5471deda4c1e8"
  integrity sha512-QfAUtd+vFdAtFQcC8CCyYt1fYWxSqAiK2cSD6zDB8N3cpsEBAvRxp9zOGg6G/SHHJYAT88/az/IuDGALsNVbGg==
  dependencies:
    color-name "1.1.3"

color-convert@^2.0.1:
  version "2.0.1"
  resolved "https://registry.yarnpkg.com/color-convert/-/color-convert-2.0.1.tgz#72d3a68d598c9bdb3af2ad1e84f21d896abd4de3"
  integrity sha512-RRECPsj7iu/xb5oKYcsFHSppFNnsj/52OVTRKb4zP5onXwVF3zVmmToNcOfGC+CRDpfK/U584fMg38ZHCaElKQ==
  dependencies:
    color-name "~1.1.4"

color-name@1.1.3:
  version "1.1.3"
  resolved "https://registry.yarnpkg.com/color-name/-/color-name-1.1.3.tgz#a7d0558bd89c42f795dd42328f740831ca53bc25"
  integrity sha1-p9BVi9icQveV3UIyj3QIMcpTvCU=

color-name@~1.1.4:
  version "1.1.4"
  resolved "https://registry.yarnpkg.com/color-name/-/color-name-1.1.4.tgz#c2a09a87acbde69543de6f63fa3995c826c536a2"
  integrity sha512-dOy+3AuW3a2wNbZHIuMZpTcgjGuLU/uBL/ubcZF9OXbDo8ff4O8yVp5Bf0efS8uEoYo5q4Fx7dY9OgQGXgAsQA==

combined-stream@^1.0.8:
  version "1.0.8"
  resolved "https://registry.yarnpkg.com/combined-stream/-/combined-stream-1.0.8.tgz#c3d45a8b34fd730631a110a8a2520682b31d5a7f"
  integrity sha512-FQN4MRfuJeHf7cBbBMJFXhKSDq+2kAArBlmRBvcvFE5BB1HZKXtSFASDhdlz9zOYwxh8lDdnvmMOe/+5cdoEdg==
  dependencies:
    delayed-stream "~1.0.0"

commander@^2.12.1:
  version "2.20.3"
  resolved "https://registry.yarnpkg.com/commander/-/commander-2.20.3.tgz#fd485e84c03eb4881c20722ba48035e8531aeb33"
  integrity sha512-GpVkmM8vF2vQUkj2LvZmD35JxeJOLCwJ9cUkugyk2nuhbv3+mJvpLYYt+0+USMxE+oj+ey/lJEnhZw75x/OMcQ==

commander@^5.1.0:
  version "5.1.0"
  resolved "https://registry.yarnpkg.com/commander/-/commander-5.1.0.tgz#46abbd1652f8e059bddaef99bbdcb2ad9cf179ae"
  integrity sha512-P0CysNDQ7rtVw4QIQtm+MRxV66vKFSvlsQvGYXZWR3qFU0jlMKHZZZgw8e+8DSah4UDKMqnknRDQz+xuQXQ/Zg==

commander@^8.2.0:
  version "8.3.0"
  resolved "https://registry.yarnpkg.com/commander/-/commander-8.3.0.tgz#4837ea1b2da67b9c616a67afbb0fafee567bca66"
  integrity sha512-OkTL9umf+He2DZkUq8f8J9of7yL6RJKI24dVITBmNfZBmri9zYZQrKkuXiKhyfPSu8tUhnVBB1iKXevvnlR4Ww==

concat-map@0.0.1:
  version "0.0.1"
  resolved "https://registry.yarnpkg.com/concat-map/-/concat-map-0.0.1.tgz#d8a96bd77fd68df7793a73036a3ba0d5405d477b"
  integrity sha1-2Klr13/Wjfd5OnMDajug1UBdR3s=

data-uri-to-buffer@^4.0.0:
  version "4.0.0"
  resolved "https://registry.yarnpkg.com/data-uri-to-buffer/-/data-uri-to-buffer-4.0.0.tgz#b5db46aea50f6176428ac05b73be39a57701a64b"
  integrity sha512-Vr3mLBA8qWmcuschSLAOogKgQ/Jwxulv3RNE4FXnYWRGujzrRWQI4m12fQqRkwX06C0KanhLr4hK+GydchZsaA==

debug@4, debug@^4.1.0, debug@^4.1.1, debug@^4.3.1:
  version "4.3.3"
  resolved "https://registry.yarnpkg.com/debug/-/debug-4.3.3.tgz#04266e0b70a98d4462e6e288e38259213332b664"
  integrity sha512-/zxw5+vh1Tfv+4Qn7a5nsbcJKPaSvCDhojn6FEl9vupwK2VCSDtEiEtqr8DFtzYFOdz63LBkxec7DYuc2jon6Q==
  dependencies:
    ms "2.1.2"

delayed-stream@~1.0.0:
  version "1.0.0"
  resolved "https://registry.yarnpkg.com/delayed-stream/-/delayed-stream-1.0.0.tgz#df3ae199acadfb7d440aaae0b29e2272b24ec619"
  integrity sha1-3zrhmayt+31ECqrgsp4icrJOxhk=

depd@^1.1.2:
  version "1.1.2"
  resolved "https://registry.yarnpkg.com/depd/-/depd-1.1.2.tgz#9bcd52e14c097763e749b274c4346ed2e560b5a9"
  integrity sha1-m81S4UwJd2PnSbJ0xDRu0uVgtak=

diff@^4.0.1:
  version "4.0.2"
  resolved "https://registry.yarnpkg.com/diff/-/diff-4.0.2.tgz#60f3aecb89d5fae520c11aa19efc2bb982aade7d"
  integrity sha512-58lmxKSA4BNyLz+HHMUzlOEpg09FV+ev6ZMe3vJihgdxzgcwZ8VoEEPmALCZG9LmqfVoNMMKpttIYTVG6uDY7A==

dofiltra_api@^1.1.48:
  version "1.1.48"
  resolved "https://registry.yarnpkg.com/dofiltra_api/-/dofiltra_api-1.1.48.tgz#f961c6ea571c934a33f405b0f1f7465bc638cc0f"
  integrity sha512-85bosw4Zkw62LBVcoTfu/FVkdmQDP4aZQUw8af4m0ImuQUYHRd6YhRUnBg1JZgbxfIOmnwPU+iCsZPD9SeWKqw==
  dependencies:
    dotenv "^16.0.0"
    dprx-types "^1.1.57"
    esm-requirer "^1.0.3"
    form-data "^4.0.0"
    fs-extreme "^1.0.2"
    lodash "^4.17.21"
    make-fetch-happen "^10.0.0"
    mime-helper "^1.0.1"
    node-fetch "^3.2.0"
    time-helpers "^1.0.0"

dotenv@^16.0.0:
  version "16.0.0"
  resolved "https://registry.yarnpkg.com/dotenv/-/dotenv-16.0.0.tgz#c619001253be89ebb638d027b609c75c26e47411"
  integrity sha512-qD9WU0MPM4SWLPJy/r2Be+2WgQj8plChsyrCNQzW/0WjvcJQiKQJ9mH3ZgB3fxbUUxgc/11ZJ0Fi5KiimWGz2Q==

dprx-types@^1.1.57:
  version "1.1.57"
  resolved "https://registry.yarnpkg.com/dprx-types/-/dprx-types-1.1.57.tgz#0562c042d39939b16737e56fbd451e10283c945b"
  integrity sha512-NWq4HDo5Bak1kxuK75UvqcrnB2ghZvDGMbrSylFm1eEYps6MhAoQBYWHVW+TB6wSTESWArueq/56m/h7Xy2l+Q==
  dependencies:
    dotenv "^16.0.0"
    esm-requirer "^1.0.3"
    time-helpers "^1.0.0"

encoding@^0.1.12:
  version "0.1.13"
  resolved "https://registry.yarnpkg.com/encoding/-/encoding-0.1.13.tgz#56574afdd791f54a8e9b2785c0582a2d26210fa9"
  integrity sha512-ETBauow1T35Y/WZMkio9jiM0Z5xjHHmJ4XmjZOq1l/dXz3lr2sRn87nJy20RupqSh1F2m3HHPSp8ShIPQJrJ3A==
  dependencies:
    iconv-lite "^0.6.2"

end-of-stream@^1.1.0:
  version "1.4.4"
  resolved "https://registry.yarnpkg.com/end-of-stream/-/end-of-stream-1.4.4.tgz#5ae64a5f45057baf3626ec14da0ca5e4b2431eb0"
  integrity sha512-+uw1inIHVPQoaVuHzRyXd21icM+cnt4CzD5rW+NC1wjOUSTOs+Te7FOv7AhN7vS9x/oIyhLP5PR1H+phQAHu5Q==
  dependencies:
    once "^1.4.0"

err-code@^2.0.2:
  version "2.0.3"
  resolved "https://registry.yarnpkg.com/err-code/-/err-code-2.0.3.tgz#23c2f3b756ffdfc608d30e27c9a941024807e7f9"
  integrity sha512-2bmlRpNKBxT/CRmPOlyISQpNj+qSeYvcym/uT0Jx2bMOlKLtSy1ZmLuVxSEKKyor/N5yhvp/ZiG1oE3DEYMSFA==

escape-string-regexp@^1.0.5:
  version "1.0.5"
  resolved "https://registry.yarnpkg.com/escape-string-regexp/-/escape-string-regexp-1.0.5.tgz#1b61c0562190a8dff6ae3bb2cf0200ca130b86d4"
  integrity sha1-G2HAViGQqN/2rjuyzwIAyhMLhtQ=

escape-string-regexp@^2.0.0:
  version "2.0.0"
  resolved "https://registry.yarnpkg.com/escape-string-regexp/-/escape-string-regexp-2.0.0.tgz#a30304e99daa32e23b2fd20f51babd07cffca344"
  integrity sha512-UpzcLCXolUWcNu5HtVMHYdXJjArjsF9C0aNnquZYY4uW/Vu0miy5YoWvbV345HauVvcAUnpRuhMMcqTcGOY2+w==

esm-requirer@^1.0.3:
  version "1.0.3"
  resolved "https://registry.yarnpkg.com/esm-requirer/-/esm-requirer-1.0.3.tgz#3657d1e2d6d8cbae061eda93f4a0eb7f07c6a63a"
  integrity sha512-OnM7PwsCvVojQXTEu05uQk96CZmdXrD3A2JMgOssgqurDlIWTnSMYphrKF6uUFytSxJDWlRltFRMeE5/yrBBww==
  dependencies:
    is-running-process "^1.0.0"
    lodash "^4.17.21"
    simport "^1.2.0"
    time-helpers "^1.0.0"

esprima@^4.0.0:
  version "4.0.1"
  resolved "https://registry.yarnpkg.com/esprima/-/esprima-4.0.1.tgz#13b04cdb3e6c5d19df91ab6987a8695619b0aa71"
  integrity sha512-eGuFFw7Upda+g4p+QHvnW0RyTX/SVeJBDM/gCtMARO0cLuT2HcEKnTPvhjV6aGeqrCB/sbNop0Kszm0jsaWU4A==

eventemitter3@^4.0.7:
  version "4.0.7"
  resolved "https://registry.yarnpkg.com/eventemitter3/-/eventemitter3-4.0.7.tgz#2de9b68f6528d5644ef5c59526a1b4a07306169f"
  integrity sha512-8guHBZCwKnFhYdHr2ysuRWErTwhoN2X8XELRlrRwpmfeY2jjuUN4taQMsULKUVo1K4DvZl+0pgfyoysHxvmvEw==

extract-zip@^2.0.1:
  version "2.0.1"
  resolved "https://registry.yarnpkg.com/extract-zip/-/extract-zip-2.0.1.tgz#663dca56fe46df890d5f131ef4a06d22bb8ba13a"
  integrity sha512-GDhU9ntwuKyGXdZBUgTIe+vXnWj0fppUEtMDL0+idd5Sta8TGpHssn/eusA9mrPr9qNDym6SxAYZjNvCn/9RBg==
  dependencies:
    debug "^4.1.1"
    get-stream "^5.1.0"
    yauzl "^2.10.0"
  optionalDependencies:
    "@types/yauzl" "^2.9.1"

fd-slicer@~1.1.0:
  version "1.1.0"
  resolved "https://registry.yarnpkg.com/fd-slicer/-/fd-slicer-1.1.0.tgz#25c7c89cb1f9077f8891bbe61d8f390eae256f1e"
  integrity sha1-JcfInLH5B3+IkbvmHY85Dq4lbx4=
  dependencies:
    pend "~1.2.0"

fetch-blob@^3.1.2, fetch-blob@^3.1.4:
  version "3.1.4"
  resolved "https://registry.yarnpkg.com/fetch-blob/-/fetch-blob-3.1.4.tgz#e8c6567f80ad7fc22fd302e7dcb72bafde9c1717"
  integrity sha512-Eq5Xv5+VlSrYWEqKrusxY1C3Hm/hjeAsCGVG3ft7pZahlUAChpGZT/Ms1WmSLnEAisEXszjzu/s+ce6HZB2VHA==
  dependencies:
    node-domexception "^1.0.0"
    web-streams-polyfill "^3.0.3"

find-process@^1.4.4:
  version "1.4.7"
  resolved "https://registry.yarnpkg.com/find-process/-/find-process-1.4.7.tgz#8c76962259216c381ef1099371465b5b439ea121"
  integrity sha512-/U4CYp1214Xrp3u3Fqr9yNynUrr5Le4y0SsJh2lMDDSbpwYSz3M2SMWQC+wqcx79cN8PQtHQIL8KnuY9M66fdg==
  dependencies:
    chalk "^4.0.0"
    commander "^5.1.0"
    debug "^4.1.1"

form-data@^4.0.0:
  version "4.0.0"
  resolved "https://registry.yarnpkg.com/form-data/-/form-data-4.0.0.tgz#93919daeaf361ee529584b9b31664dc12c9fa452"
  integrity sha512-ETEklSGi5t0QMZuiXoA/Q6vcnxcLQP5vdugSpuAyi6SVGi2clPPp+xgEhuMaHC+zGgn31Kd235W35f7Hykkaww==
  dependencies:
    asynckit "^0.4.0"
    combined-stream "^1.0.8"
    mime-types "^2.1.12"

formdata-polyfill@^4.0.10:
  version "4.0.10"
  resolved "https://registry.yarnpkg.com/formdata-polyfill/-/formdata-polyfill-4.0.10.tgz#24807c31c9d402e002ab3d8c720144ceb8848423"
  integrity sha512-buewHzMvYL29jdeQTVILecSaZKnt/RJWjoZCF5OW60Z67/GmSLBkOFM7qh1PI3zFNtJbaZL5eQu1vLfazOwj4g==
  dependencies:
    fetch-blob "^3.1.2"

fs-extreme@^1.0.2:
  version "1.0.2"
  resolved "https://registry.yarnpkg.com/fs-extreme/-/fs-extreme-1.0.2.tgz#aa94fdeb81ed0288e5b0f91a1aaff6969190cc9f"
  integrity sha512-1Vz/US5w8lk/ap18eds7WY0nVsWpyvtoUBXL2gt0cCd5LzMH0gOwofkULp0YvsuZylzEcEbV0LqVRZSMK5EPAQ==
  dependencies:
    esm-requirer "^1.0.3"
    is-running-process "^1.0.0"
    steno "^2.1.0"
    time-helpers "^1.0.0"

fs-minipass@^2.0.0:
  version "2.1.0"
  resolved "https://registry.yarnpkg.com/fs-minipass/-/fs-minipass-2.1.0.tgz#7f5036fdbf12c63c169190cbe4199c852271f9fb"
  integrity sha512-V/JgOLFCS+R6Vcq0slCuaeWEdNC3ouDlJMNIsacH2VtALiu9mV4LPrHc5cDl8k5aw6J8jwgWWpiTo5RYhmIzvg==
  dependencies:
    minipass "^3.0.0"

fs.realpath@^1.0.0:
  version "1.0.0"
  resolved "https://registry.yarnpkg.com/fs.realpath/-/fs.realpath-1.0.0.tgz#1504ad2523158caa40db4a2787cb01411994ea4f"
  integrity sha1-FQStJSMVjKpA20onh8sBQRmU6k8=

function-bind@^1.1.1:
  version "1.1.1"
  resolved "https://registry.yarnpkg.com/function-bind/-/function-bind-1.1.1.tgz#a56899d3ea3c9bab874bb9773b7c5ede92f4895d"
  integrity sha512-yIovAzMX49sF8Yl58fSCWJ5svSLuaibPxXQJFLmBObTuCr0Mf1KiPopGM9NiFjiYBCbfaa2Fh6breQ6ANVTI0A==

get-stream@^5.1.0:
  version "5.2.0"
  resolved "https://registry.yarnpkg.com/get-stream/-/get-stream-5.2.0.tgz#4966a1795ee5ace65e706c4b7beb71257d6e22d3"
  integrity sha512-nBF+F1rAZVCu/p7rjzgA+Yb4lfYXrpl7a6VmJrU8wF9I1CKvP/QwPNZHnOlwbTkY6dvtFIzFMSyQXbLoTQPRpA==
  dependencies:
    pump "^3.0.0"

glob@^7.1.1, glob@^7.1.3, glob@^7.1.4:
  version "7.2.0"
  resolved "https://registry.yarnpkg.com/glob/-/glob-7.2.0.tgz#d15535af7732e02e948f4c41628bd910293f6023"
  integrity sha512-lmLf6gtyrPq8tTjSmrO94wBeQbFR3HbLHbuyD69wuyQkImp2hWqMGB47OX65FBkPffO641IP9jWa1z4ivqG26Q==
  dependencies:
    fs.realpath "^1.0.0"
    inflight "^1.0.4"
    inherits "2"
    minimatch "^3.0.4"
    once "^1.3.0"
    path-is-absolute "^1.0.0"

graceful-fs@^4.2.4:
  version "4.2.9"
  resolved "https://registry.yarnpkg.com/graceful-fs/-/graceful-fs-4.2.9.tgz#041b05df45755e587a24942279b9d113146e1c96"
  integrity sha512-NtNxqUcXgpW2iMrfqSfR73Glt39K+BLwWsPs94yR63v45T0Wbej7eRmL5cWfwEgqXnmjQp3zaJTshdRW/qC2ZQ==

has-flag@^3.0.0:
  version "3.0.0"
  resolved "https://registry.yarnpkg.com/has-flag/-/has-flag-3.0.0.tgz#b5d454dc2199ae225699f3467e5a07f3b955bafd"
  integrity sha1-tdRU3CGZriJWmfNGfloH87lVuv0=

has-flag@^4.0.0:
  version "4.0.0"
  resolved "https://registry.yarnpkg.com/has-flag/-/has-flag-4.0.0.tgz#944771fd9c81c81265c4d6941860da06bb59479b"
  integrity sha512-EykJT/Q1KjTWctppgIAgfSO0tKVuZUjhgMr17kqTumMl6Afv3EISleU7qZUzoXDFTAHTDC4NOoG/ZxU3EvlMPQ==

has@^1.0.3:
  version "1.0.3"
  resolved "https://registry.yarnpkg.com/has/-/has-1.0.3.tgz#722d7cbfc1f6aa8241f16dd814e011e1f41e8796"
  integrity sha512-f2dvO0VU6Oej7RkWJGrehjbzMAjFp5/VKPp5tTpWIV4JHHZK1/BxbFRtf/siA2SWTe09caDmVtYYzWEIbBS4zw==
  dependencies:
    function-bind "^1.1.1"

http-cache-semantics@^4.1.0:
  version "4.1.0"
  resolved "https://registry.yarnpkg.com/http-cache-semantics/-/http-cache-semantics-4.1.0.tgz#49e91c5cbf36c9b94bcfcd71c23d5249ec74e390"
  integrity sha512-carPklcUh7ROWRK7Cv27RPtdhYhUsela/ue5/jKzjegVvXDqM2ILE9Q2BGn9JZJh1g87cp56su/FgQSzcWS8cQ==

http-proxy-agent@^5.0.0:
  version "5.0.0"
  resolved "https://registry.yarnpkg.com/http-proxy-agent/-/http-proxy-agent-5.0.0.tgz#5129800203520d434f142bc78ff3c170800f2b43"
  integrity sha512-n2hY8YdoRE1i7r6M0w9DIw5GgZN0G25P8zLCRQ8rjXtTU3vsNFBI/vWK/UIeE6g5MUUz6avwAPXmL6Fy9D/90w==
  dependencies:
    "@tootallnate/once" "2"
    agent-base "6"
    debug "4"

https-proxy-agent@^5.0.0:
  version "5.0.0"
  resolved "https://registry.yarnpkg.com/https-proxy-agent/-/https-proxy-agent-5.0.0.tgz#e2a90542abb68a762e0a0850f6c9edadfd8506b2"
  integrity sha512-EkYm5BcKUGiduxzSt3Eppko+PiNWNEpa4ySk9vTC6wDsQJW9rHSa+UhGNJoRYp7bz6Ht1eaRIa6QaJqO5rCFbA==
  dependencies:
    agent-base "6"
    debug "4"

humanize-ms@^1.2.1:
  version "1.2.1"
  resolved "https://registry.yarnpkg.com/humanize-ms/-/humanize-ms-1.2.1.tgz#c46e3159a293f6b896da29316d8b6fe8bb79bbed"
  integrity sha1-xG4xWaKT9riW2ikxbYtv6Lt5u+0=
  dependencies:
    ms "^2.0.0"

iconv-lite@^0.6.2:
  version "0.6.3"
  resolved "https://registry.yarnpkg.com/iconv-lite/-/iconv-lite-0.6.3.tgz#a52f80bf38da1952eb5c681790719871a1a72501"
  integrity sha512-4fCk79wshMdzMp2rH06qWrJE4iolqLhCUH+OiuIgU++RB0+94NlDL81atO7GX55uUKueo0txHNtvEyI6D7WdMw==
  dependencies:
    safer-buffer ">= 2.1.2 < 3.0.0"

imurmurhash@^0.1.4:
  version "0.1.4"
  resolved "https://registry.yarnpkg.com/imurmurhash/-/imurmurhash-0.1.4.tgz#9218b9b2b928a238b13dc4fb6b6d576f231453ea"
  integrity sha1-khi5srkoojixPcT7a21XbyMUU+o=

indent-string@^4.0.0:
  version "4.0.0"
  resolved "https://registry.yarnpkg.com/indent-string/-/indent-string-4.0.0.tgz#624f8f4497d619b2d9768531d58f4122854d7251"
  integrity sha512-EdDDZu4A2OyIK7Lr/2zG+w5jmbuk1DVBnEwREQvBzspBJkCEbRa8GxU1lghYcaGJCnRWibjDXlq779X1/y5xwg==

infer-owner@^1.0.4:
  version "1.0.4"
  resolved "https://registry.yarnpkg.com/infer-owner/-/infer-owner-1.0.4.tgz#c4cefcaa8e51051c2a40ba2ce8a3d27295af9467"
  integrity sha512-IClj+Xz94+d7irH5qRyfJonOdfTzuDaifE6ZPWfx0N0+/ATZCbuTPq2prFl526urkQd90WyUKIh1DfBQ2hMz9A==

inflight@^1.0.4:
  version "1.0.6"
  resolved "https://registry.yarnpkg.com/inflight/-/inflight-1.0.6.tgz#49bd6331d7d02d0c09bc910a1075ba8165b56df9"
  integrity sha1-Sb1jMdfQLQwJvJEKEHW6gWW1bfk=
  dependencies:
    once "^1.3.0"
    wrappy "1"

inherits@2:
  version "2.0.4"
  resolved "https://registry.yarnpkg.com/inherits/-/inherits-2.0.4.tgz#0fa2c64f932917c3433a0ded55363aae37416b7c"
  integrity sha512-k/vGaX4/Yla3WzyMCvTQOXYeIHvqOKtnqBduzTHpzpQZzAskKMhZ2K+EnBiSM9zGSoIFeMpXKxa4dYeZIQqewQ==

ip@^1.1.5:
  version "1.1.5"
  resolved "https://registry.yarnpkg.com/ip/-/ip-1.1.5.tgz#bdded70114290828c0a039e72ef25f5aaec4354a"
  integrity sha1-vd7XARQpCCjAoDnnLvJfWq7ENUo=

is-core-module@^2.8.1:
  version "2.8.1"
  resolved "https://registry.yarnpkg.com/is-core-module/-/is-core-module-2.8.1.tgz#f59fdfca701d5879d0a6b100a40aa1560ce27211"
  integrity sha512-SdNCUs284hr40hFTFP6l0IfZ/RSrMXF3qgoRHd3/79unUTvrFO/JoXwkGm+5J/Oe3E/b5GsnG330uUNgRpu1PA==
  dependencies:
    has "^1.0.3"

is-lambda@^1.0.1:
  version "1.0.1"
  resolved "https://registry.yarnpkg.com/is-lambda/-/is-lambda-1.0.1.tgz#3d9877899e6a53efc0160504cde15f82e6f061d5"
  integrity sha1-PZh3iZ5qU+/AFgUEzeFfgubwYdU=

is-running-process@^1.0.0:
  version "1.0.0"
  resolved "https://registry.yarnpkg.com/is-running-process/-/is-running-process-1.0.0.tgz#9598d3b3396a2d58b4067730abf2d7a427302904"
  integrity sha512-zdiAS03sS61jLVPQmzNtv3LRmkW0GMtXQBmb4NKhM/JdBjOAKHEuBMZyC7bUVtRbBOwIvu0tnhjxtxKpUWsozw==

jju@^1.4.0:
  version "1.4.0"
  resolved "https://registry.yarnpkg.com/jju/-/jju-1.4.0.tgz#a3abe2718af241a2b2904f84a625970f389ae32a"
  integrity sha1-o6vicYryQaKykE+EpiWXDzia4yo=

jpeg-js@^0.4.2:
  version "0.4.3"
  resolved "https://registry.yarnpkg.com/jpeg-js/-/jpeg-js-0.4.3.tgz#6158e09f1983ad773813704be80680550eff977b"
  integrity sha512-ru1HWKek8octvUHFHvE5ZzQ1yAsJmIvRdGWvSoKV52XKyuyYA437QWDttXT8eZXDSbuMpHlLzPDZUPd6idIz+Q==

js-tokens@^4.0.0:
  version "4.0.0"
  resolved "https://registry.yarnpkg.com/js-tokens/-/js-tokens-4.0.0.tgz#19203fb59991df98e3a287050d4647cdeaf32499"
  integrity sha512-RdJUflcE3cUzKiMqQgsCu06FPu9UdIJO0beYbPhHN4k6apgJtifcoCtT9bcxOpYBtpD2kCM6Sbzg4CausW/PKQ==

js-yaml@^3.13.1:
  version "3.14.1"
  resolved "https://registry.yarnpkg.com/js-yaml/-/js-yaml-3.14.1.tgz#dae812fdb3825fa306609a8717383c50c36a0537"
  integrity sha512-okMH7OXXJ7YrN9Ok3/SXrnu4iX9yOk+25nqX4imS2npuvTYDmo/QEZoqwZkYaIDk3jVvBOTOIEgEhaLOynBS9g==
  dependencies:
    argparse "^1.0.7"
    esprima "^4.0.0"

lodash@^4.17.21:
  version "4.17.21"
  resolved "https://registry.yarnpkg.com/lodash/-/lodash-4.17.21.tgz#679591c564c3bffaae8454cf0b3df370c3d6911c"
  integrity sha512-v2kDEe57lecTulaDIuNTPy3Ry4gLGJ6Z1O3vE1krgXZNrsQ+LFTGHVxVjcXPs17LhbZVGedAJv8XZ1tvj5FvSg==

lru-cache@^6.0.0:
  version "6.0.0"
  resolved "https://registry.yarnpkg.com/lru-cache/-/lru-cache-6.0.0.tgz#6d6fe6570ebd96aaf90fcad1dafa3b2566db3a94"
  integrity sha512-Jo6dJ04CmSjuznwJSS3pUeWmd/H0ffTlkXXgwZi+eq1UCmqQwCh+eLsYOYCwY991i2Fah4h1BEMCx4qThGbsiA==
  dependencies:
    yallist "^4.0.0"

lru-cache@^7.3.1:
  version "7.3.1"
  resolved "https://registry.yarnpkg.com/lru-cache/-/lru-cache-7.3.1.tgz#7702e80694ec2bf19865567a469f2b081fcf53f5"
  integrity sha512-nX1x4qUrKqwbIAhv4s9et4FIUVzNOpeY07bsjGUy8gwJrXH/wScImSQqXErmo/b2jZY2r0mohbLA9zVj7u1cNw==

make-fetch-happen@^10.0.0:
  version "10.0.2"
  resolved "https://registry.yarnpkg.com/make-fetch-happen/-/make-fetch-happen-10.0.2.tgz#0afb38d2f951b17ebc482b0b16c8d77f39dfe389"
  integrity sha512-JSFLK53NJP22FL/eAGOyKsWbc2G3v+toPMD7Dq9PJKQCvK0i3t8hGkKxe+3YZzwYa+c0kxRHu7uxH3fvO+rsaA==
  dependencies:
    agentkeepalive "^4.2.0"
    cacache "^15.3.0"
    http-cache-semantics "^4.1.0"
    http-proxy-agent "^5.0.0"
    https-proxy-agent "^5.0.0"
    is-lambda "^1.0.1"
    lru-cache "^7.3.1"
    minipass "^3.1.6"
    minipass-collect "^1.0.2"
    minipass-fetch "^1.4.1"
    minipass-flush "^1.0.5"
    minipass-pipeline "^1.2.4"
    negotiator "^0.6.3"
    promise-retry "^2.0.1"
    socks-proxy-agent "^6.1.1"
    ssri "^8.0.1"

mime-db@1.51.0:
  version "1.51.0"
  resolved "https://registry.yarnpkg.com/mime-db/-/mime-db-1.51.0.tgz#d9ff62451859b18342d960850dc3cfb77e63fb0c"
  integrity sha512-5y8A56jg7XVQx2mbv1lu49NR4dokRnhZYTtL+KGfaa27uq4pSTXkwQkFJl4pkRMyNFz/EtYDSkiiEHx3F7UN6g==

mime-helper@^1.0.1:
  version "1.0.1"
  resolved "https://registry.yarnpkg.com/mime-helper/-/mime-helper-1.0.1.tgz#948c3f7a6aa4759a10a9b0cec25b4ad626902394"
  integrity sha512-GXxrBAopn2YmxuTaq8l4K9aE5Jw5bEjDtYc4rA4w4EV7us+OpJVi/DxUjzXdy/7it55e8D1UJXLF8EqSEal7Fg==
  dependencies:
    is-running-process "^1.0.0"
    time-helpers "^1.0.0"

mime-types@^2.1.12:
  version "2.1.34"
  resolved "https://registry.yarnpkg.com/mime-types/-/mime-types-2.1.34.tgz#5a712f9ec1503511a945803640fafe09d3793c24"
  integrity sha512-6cP692WwGIs9XXdOO4++N+7qjqv0rqxxVvJ3VHPh/Sc9mVZcQP+ZGhkKiTvWMQRr2tbHkJP/Yn7Y0npb3ZBs4A==
  dependencies:
    mime-db "1.51.0"

mime@^2.4.6:
  version "2.6.0"
  resolved "https://registry.yarnpkg.com/mime/-/mime-2.6.0.tgz#a2a682a95cd4d0cb1d6257e28f83da7e35800367"
  integrity sha512-USPkMeET31rOMiarsBNIHZKLGgvKc/LrjofAnBlOttf5ajRvqiRA8QsenbcooctK6d6Ts6aqZXBA+XbkKthiQg==

minimatch@^3.0.4:
  version "3.0.5"
  resolved "https://registry.yarnpkg.com/minimatch/-/minimatch-3.0.5.tgz#4da8f1290ee0f0f8e83d60ca69f8f134068604a3"
  integrity sha512-tUpxzX0VAzJHjLu0xUfFv1gwVp9ba3IOuRAVH2EGuRW8a5emA2FlACLqiT/lDVtS1W+TGNwqz3sWaNyLgDJWuw==
  dependencies:
    brace-expansion "^1.1.7"

minimist@^1.2.5:
  version "1.2.5"
  resolved "https://registry.yarnpkg.com/minimist/-/minimist-1.2.5.tgz#67d66014b66a6a8aaa0c083c5fd58df4e4e97602"
  integrity sha512-FM9nNUYrRBAELZQT3xeZQ7fmMOBg6nWNmJKTcgsJeaLstP/UODVpGsr5OhXhhXg6f+qtJ8uiZ+PUxkDWcgIXLw==

minipass-collect@^1.0.2:
  version "1.0.2"
  resolved "https://registry.yarnpkg.com/minipass-collect/-/minipass-collect-1.0.2.tgz#22b813bf745dc6edba2576b940022ad6edc8c617"
  integrity sha512-6T6lH0H8OG9kITm/Jm6tdooIbogG9e0tLgpY6mphXSm/A9u8Nq1ryBG+Qspiub9LjWlBPsPS3tWQ/Botq4FdxA==
  dependencies:
    minipass "^3.0.0"

minipass-fetch@^1.4.1:
  version "1.4.1"
  resolved "https://registry.yarnpkg.com/minipass-fetch/-/minipass-fetch-1.4.1.tgz#d75e0091daac1b0ffd7e9d41629faff7d0c1f1b6"
  integrity sha512-CGH1eblLq26Y15+Azk7ey4xh0J/XfJfrCox5LDJiKqI2Q2iwOLOKrlmIaODiSQS8d18jalF6y2K2ePUm0CmShw==
  dependencies:
    minipass "^3.1.0"
    minipass-sized "^1.0.3"
    minizlib "^2.0.0"
  optionalDependencies:
    encoding "^0.1.12"

minipass-flush@^1.0.5:
  version "1.0.5"
  resolved "https://registry.yarnpkg.com/minipass-flush/-/minipass-flush-1.0.5.tgz#82e7135d7e89a50ffe64610a787953c4c4cbb373"
  integrity sha512-JmQSYYpPUqX5Jyn1mXaRwOda1uQ8HP5KAT/oDSLCzt1BYRhQU0/hDtsB1ufZfEEzMZ9aAVmsBw8+FWsIXlClWw==
  dependencies:
    minipass "^3.0.0"

minipass-pipeline@^1.2.2, minipass-pipeline@^1.2.4:
  version "1.2.4"
  resolved "https://registry.yarnpkg.com/minipass-pipeline/-/minipass-pipeline-1.2.4.tgz#68472f79711c084657c067c5c6ad93cddea8214c"
  integrity sha512-xuIq7cIOt09RPRJ19gdi4b+RiNvDFYe5JH+ggNvBqGqpQXcru3PcRmOZuHBKWK1Txf9+cQ+HMVN4d6z46LZP7A==
  dependencies:
    minipass "^3.0.0"

minipass-sized@^1.0.3:
  version "1.0.3"
  resolved "https://registry.yarnpkg.com/minipass-sized/-/minipass-sized-1.0.3.tgz#70ee5a7c5052070afacfbc22977ea79def353b70"
  integrity sha512-MbkQQ2CTiBMlA2Dm/5cY+9SWFEN8pzzOXi6rlM5Xxq0Yqbda5ZQy9sU75a673FE9ZK0Zsbr6Y5iP6u9nktfg2g==
  dependencies:
    minipass "^3.0.0"

minipass@^3.0.0, minipass@^3.1.0, minipass@^3.1.1, minipass@^3.1.6:
  version "3.1.6"
  resolved "https://registry.yarnpkg.com/minipass/-/minipass-3.1.6.tgz#3b8150aa688a711a1521af5e8779c1d3bb4f45ee"
  integrity sha512-rty5kpw9/z8SX9dmxblFA6edItUmwJgMeYDZRrwlIVN27i8gysGbznJwUggw2V/FVqFSDdWy040ZPS811DYAqQ==
  dependencies:
    yallist "^4.0.0"

minizlib@^2.0.0, minizlib@^2.1.1:
  version "2.1.2"
  resolved "https://registry.yarnpkg.com/minizlib/-/minizlib-2.1.2.tgz#e90d3466ba209b932451508a11ce3d3632145931"
  integrity sha512-bAxsR8BVfj60DWXHE3u30oHzfl4G7khkSuPW+qvpd7jFRHm7dLxOjUk1EHACJ/hxLY8phGJ0YhYHZo7jil7Qdg==
  dependencies:
    minipass "^3.0.0"
    yallist "^4.0.0"

mkdirp@^0.5.3:
  version "0.5.5"
  resolved "https://registry.yarnpkg.com/mkdirp/-/mkdirp-0.5.5.tgz#d91cefd62d1436ca0f41620e251288d420099def"
  integrity sha512-NKmAlESf6jMGym1++R0Ra7wvhV+wFW63FaSOFPwRahvea0gMUcGUhVeAg/0BC0wiv9ih5NYPB1Wn1UEI1/L+xQ==
  dependencies:
    minimist "^1.2.5"

mkdirp@^1.0.3, mkdirp@^1.0.4:
  version "1.0.4"
  resolved "https://registry.yarnpkg.com/mkdirp/-/mkdirp-1.0.4.tgz#3eb5ed62622756d79a5f0e2a221dfebad75c2f7e"
  integrity sha512-vVqVZQyf3WLx2Shd0qJ9xuvqgAyKPLAiqITEtqW0oIUjzo3PePDd6fW9iFz30ef7Ysp/oiWqbhszeGWW2T6Gzw==

moment@^2.29.1:
  version "2.29.1"
  resolved "https://registry.yarnpkg.com/moment/-/moment-2.29.1.tgz#b2be769fa31940be9eeea6469c075e35006fa3d3"
  integrity sha512-kHmoybcPV8Sqy59DwNDY3Jefr64lK/by/da0ViFcuA4DH0vQg5Q6Ze5VimxkfQNSC+Mls/Kx53s7TjP1RhFEDQ==

ms@2.1.2:
  version "2.1.2"
  resolved "https://registry.yarnpkg.com/ms/-/ms-2.1.2.tgz#d09d1f357b443f493382a8eb3ccd183872ae6009"
  integrity sha512-sGkPx+VjMtmA6MX27oA4FBFELFCZZ4S4XqeGOXCv68tT+jb3vk/RyaKWP0PTKyWtmLSM0b+adUTEvbs1PEaH2w==

ms@^2.0.0:
  version "2.1.3"
  resolved "https://registry.yarnpkg.com/ms/-/ms-2.1.3.tgz#574c8138ce1d2b5861f0b44579dbadd60c6615b2"
  integrity sha512-6FlzubTLZG3J2a/NVCAleEhjzq5oxgHyaCU9yYXvcLsvoVaHJq/s5xXI6/XXP6tz7R9xAOtHnSO/tXtF3WRTlA==

negotiator@^0.6.3:
  version "0.6.3"
  resolved "https://registry.yarnpkg.com/negotiator/-/negotiator-0.6.3.tgz#58e323a72fedc0d6f9cd4d31fe49f51479590ccd"
  integrity sha512-+EUsqGPLsM+j/zdChZjsnX51g4XrHFOIXwfnCVPGlQk/k5giakcKsuxCObBRu6DSm9opw/O6slWbJdghQM4bBg==

node-domexception@^1.0.0:
  version "1.0.0"
  resolved "https://registry.yarnpkg.com/node-domexception/-/node-domexception-1.0.0.tgz#6888db46a1f71c0b76b3f7555016b63fe64766e5"
  integrity sha512-/jKZoMpw0F8GRwl4/eLROPA3cfcXtLApP0QzLmUT/HuPCZWyB7IY9ZrMeKw2O/nFIqPQB3PVM9aYm0F312AXDQ==

node-fetch@^3.2.0:
  version "3.2.0"
  resolved "https://registry.yarnpkg.com/node-fetch/-/node-fetch-3.2.0.tgz#59390db4e489184fa35d4b74caf5510e8dfbaf3b"
  integrity sha512-8xeimMwMItMw8hRrOl3C9/xzU49HV/yE6ORew/l+dxWimO5A4Ra8ld2rerlJvc/O7et5Z1zrWsPX43v1QBjCxw==
  dependencies:
    data-uri-to-buffer "^4.0.0"
    fetch-blob "^3.1.4"
    formdata-polyfill "^4.0.10"

once@^1.3.0, once@^1.3.1, once@^1.4.0:
  version "1.4.0"
  resolved "https://registry.yarnpkg.com/once/-/once-1.4.0.tgz#583b1aa775961d4b113ac17d9c50baef9dd76bd1"
  integrity sha1-WDsap3WWHUsROsF9nFC6753Xa9E=
  dependencies:
    wrappy "1"

p-map@^4.0.0:
  version "4.0.0"
  resolved "https://registry.yarnpkg.com/p-map/-/p-map-4.0.0.tgz#bb2f95a5eda2ec168ec9274e06a747c3e2904d2b"
  integrity sha512-/bjOqmgETBYB5BoEeGVea8dmvHb2m9GLy1E9W43yeyfP6QQCZGFNa+XRceJEuDB6zqr+gKpIAmlLebMpykw/MQ==
  dependencies:
    aggregate-error "^3.0.0"

p-queue@^7.2.0:
  version "7.2.0"
  resolved "https://registry.yarnpkg.com/p-queue/-/p-queue-7.2.0.tgz#e1430e4432f09b43aa8b4913d4c2ff7fdd685479"
  integrity sha512-Kvv7p13M46lTYLQ/PsZdaj/1Vj6u/8oiIJgyQyx4oVkOfHdd7M2EZvXigDvcsSzRwanCzQirV5bJPQFoSQt5MA==
  dependencies:
    eventemitter3 "^4.0.7"
    p-timeout "^5.0.2"

p-timeout@^5.0.2:
  version "5.0.2"
  resolved "https://registry.yarnpkg.com/p-timeout/-/p-timeout-5.0.2.tgz#d12964c4b2f988e15f72b455c2c428d82a0ec0a0"
  integrity sha512-sEmji9Yaq+Tw+STwsGAE56hf7gMy9p0tQfJojIAamB7WHJYJKf1qlsg9jqBWG8q9VCxKPhZaP/AcXwEoBcYQhQ==

path-is-absolute@^1.0.0:
  version "1.0.1"
  resolved "https://registry.yarnpkg.com/path-is-absolute/-/path-is-absolute-1.0.1.tgz#174b9268735534ffbc7ace6bf53a5a9e1b5c5f5f"
  integrity sha1-F0uSaHNVNP+8es5r9TpanhtcX18=

path-parse@^1.0.7:
  version "1.0.7"
  resolved "https://registry.yarnpkg.com/path-parse/-/path-parse-1.0.7.tgz#fbc114b60ca42b30d9daf5858e4bd68bbedb6735"
  integrity sha512-LDJzPVEEEPR+y48z93A0Ed0yXb8pAByGWo/k5YYdYgpY2/2EsOsksJrq7lOHxryrVOn1ejG6oAp8ahvOIQD8sw==

pend@~1.2.0:
  version "1.2.0"
  resolved "https://registry.yarnpkg.com/pend/-/pend-1.2.0.tgz#7a57eb550a6783f9115331fcf4663d5c8e007a50"
  integrity sha1-elfrVQpng/kRUzH89GY9XI4AelA=

playwright-core@=1.18.1:
  version "1.18.1"
  resolved "https://registry.yarnpkg.com/playwright-core/-/playwright-core-1.18.1.tgz#a5cf3f212d10692382e2acd1f7bc8c9ff9bbb849"
  integrity sha512-NALGl8R1GHzGLlhUApmpmfh6M1rrrPcDTygWvhTbprxwGB9qd/j9DRwyn4HTQcUB6o0/VOpo46fH9ez3+D/Rog==
  dependencies:
    commander "^8.2.0"
    debug "^4.1.1"
    extract-zip "^2.0.1"
    https-proxy-agent "^5.0.0"
    jpeg-js "^0.4.2"
    mime "^2.4.6"
    pngjs "^5.0.0"
    progress "^2.0.3"
    proper-lockfile "^4.1.1"
    proxy-from-env "^1.1.0"
    rimraf "^3.0.2"
    socks-proxy-agent "^6.1.0"
    stack-utils "^2.0.3"
    ws "^7.4.6"
    yauzl "^2.10.0"
    yazl "^2.5.1"

playwright@^1.18.1:
  version "1.18.1"
  resolved "https://registry.yarnpkg.com/playwright/-/playwright-1.18.1.tgz#45c2ca6ee25c44e336985de9b51955727b5f17cf"
  integrity sha512-8EaX9EtbtAoMq5tnzIsoA3b/V86V/6Mq2skuOU4qEw+5OVxs1lwesDwmjy/RVU1Qfx5UuwSQzhp45wyH22oa+A==
  dependencies:
    playwright-core "=1.18.1"

pngjs@^5.0.0:
  version "5.0.0"
  resolved "https://registry.yarnpkg.com/pngjs/-/pngjs-5.0.0.tgz#e79dd2b215767fd9c04561c01236df960bce7fbb"
  integrity sha512-40QW5YalBNfQo5yRYmiw7Yz6TKKVr3h6970B2YE+3fQpsWcrbj1PzJgxeJ19DRQjhMbKPIuMY8rFaXc8moolVw==

prettier@^2.5.1:
  version "2.5.1"
  resolved "https://registry.yarnpkg.com/prettier/-/prettier-2.5.1.tgz#fff75fa9d519c54cf0fce328c1017d94546bc56a"
  integrity sha512-vBZcPRUR5MZJwoyi3ZoyQlc1rXeEck8KgeC9AwwOn+exuxLxq5toTRDTSaVrXHxelDMHy9zlicw8u66yxoSUFg==

progress@^2.0.3:
  version "2.0.3"
  resolved "https://registry.yarnpkg.com/progress/-/progress-2.0.3.tgz#7e8cf8d8f5b8f239c1bc68beb4eb78567d572ef8"
  integrity sha512-7PiHtLll5LdnKIMw100I+8xJXR5gW2QwWYkT6iJva0bXitZKa/XMrSbdmg3r2Xnaidz9Qumd0VPaMrZlF9V9sA==

promise-inflight@^1.0.1:
  version "1.0.1"
  resolved "https://registry.yarnpkg.com/promise-inflight/-/promise-inflight-1.0.1.tgz#98472870bf228132fcbdd868129bad12c3c029e3"
  integrity sha1-mEcocL8igTL8vdhoEputEsPAKeM=

promise-retry@^2.0.1:
  version "2.0.1"
  resolved "https://registry.yarnpkg.com/promise-retry/-/promise-retry-2.0.1.tgz#ff747a13620ab57ba688f5fc67855410c370da22"
  integrity sha512-y+WKFlBR8BGXnsNlIHFGPZmyDf3DFMoLhaflAnyZgV6rG6xu+JwesTo2Q9R6XwYmtmwAFCkAk3e35jEdoeh/3g==
  dependencies:
    err-code "^2.0.2"
    retry "^0.12.0"

proper-lockfile@^4.1.1:
  version "4.1.2"
  resolved "https://registry.yarnpkg.com/proper-lockfile/-/proper-lockfile-4.1.2.tgz#c8b9de2af6b2f1601067f98e01ac66baa223141f"
  integrity sha512-TjNPblN4BwAWMXU8s9AEz4JmQxnD1NNL7bNOY/AKUzyamc379FWASUhc/K1pL2noVb+XmZKLL68cjzLsiOAMaA==
  dependencies:
    graceful-fs "^4.2.4"
    retry "^0.12.0"
    signal-exit "^3.0.2"

proxy-from-env@^1.1.0:
  version "1.1.0"
  resolved "https://registry.yarnpkg.com/proxy-from-env/-/proxy-from-env-1.1.0.tgz#e102f16ca355424865755d2c9e8ea4f24d58c3e2"
  integrity sha512-D+zkORCbA9f1tdWRK0RaCR3GPv50cMxcrz4X8k5LTSUD1Dkw47mKJEZQNunItRTkWwgtaUSo1RVFRIG9ZXiFYg==

pump@^3.0.0:
  version "3.0.0"
  resolved "https://registry.yarnpkg.com/pump/-/pump-3.0.0.tgz#b4a2116815bde2f4e1ea602354e8c75565107a64"
  integrity sha512-LwZy+p3SFs1Pytd/jYct4wpv49HiYCqd9Rlc5ZVdk0V+8Yzv6jR5Blk3TRmPL1ft69TxP0IMZGJ+WPFU2BFhww==
  dependencies:
    end-of-stream "^1.1.0"
    once "^1.3.1"

readjson@^2.2.0:
  version "2.2.2"
  resolved "https://registry.yarnpkg.com/readjson/-/readjson-2.2.2.tgz#ed940ebdd72b88b383e02db7117402f980158959"
  integrity sha512-PdeC9tsmLWBiL8vMhJvocq+OezQ3HhsH2HrN7YkhfYcTjQSa/iraB15A7Qvt7Xpr0Yd2rDNt6GbFwVQDg3HcAw==
  dependencies:
    jju "^1.4.0"
    try-catch "^3.0.0"

resolve@^1.3.2:
  version "1.22.0"
  resolved "https://registry.yarnpkg.com/resolve/-/resolve-1.22.0.tgz#5e0b8c67c15df57a89bdbabe603a002f21731198"
  integrity sha512-Hhtrw0nLeSrFQ7phPp4OOcVjLPIeMnRlr5mcnVuMe7M/7eBn98A3hmFRLoFo3DLZkivSYwhRUJTyPyWAk56WLw==
  dependencies:
    is-core-module "^2.8.1"
    path-parse "^1.0.7"
    supports-preserve-symlinks-flag "^1.0.0"

retry@^0.12.0:
  version "0.12.0"
  resolved "https://registry.yarnpkg.com/retry/-/retry-0.12.0.tgz#1b42a6266a21f07421d1b0b54b7dc167b01c013b"
  integrity sha1-G0KmJmoh8HQh0bC1S33BZ7AcATs=

rimraf@^3.0.2:
  version "3.0.2"
  resolved "https://registry.yarnpkg.com/rimraf/-/rimraf-3.0.2.tgz#f1a5402ba6220ad52cc1282bac1ae3aa49fd061a"
  integrity sha512-JZkJMZkAGFFPP2YqXZXPbMlMBgsxzE8ILs4lMIX/2o0L9UBw9O/Y3o6wFw/i9YLapcUJWwqbi3kdxIPdC62TIA==
  dependencies:
    glob "^7.1.3"

"safer-buffer@>= 2.1.2 < 3.0.0":
  version "2.1.2"
  resolved "https://registry.yarnpkg.com/safer-buffer/-/safer-buffer-2.1.2.tgz#44fa161b0187b9549dd84bb91802f9bd8385cd6a"
  integrity sha512-YZo3K82SD7Riyi0E1EQPojLz7kpepnSQI9IyPbHHg1XXXevb5dJI7tpyN2ADxGcQbHG7vcyRHk0cbwqcQriUtg==

semver@^5.3.0:
  version "5.7.1"
  resolved "https://registry.yarnpkg.com/semver/-/semver-5.7.1.tgz#a954f931aeba508d307bbf069eff0c01c96116f7"
  integrity sha512-sauaDf/PZdVgrLTNYHRtpXa1iRiKcaebiKQ1BJdpQlWH2lCvexQdX55snPFyK7QzpudqbCI0qXFfOasHdyNDGQ==

semver@^7.3.5:
  version "7.3.5"
  resolved "https://registry.yarnpkg.com/semver/-/semver-7.3.5.tgz#0b621c879348d8998e4b0e4be94b3f12e6018ef7"
  integrity sha512-PoeGJYh8HK4BTO/a9Tf6ZG3veo/A7ZVsYrSA6J8ny9nb3B1VrpkuN+z9OE5wfE5p6H4LchYZsegiQgbJD94ZFQ==
  dependencies:
    lru-cache "^6.0.0"

signal-exit@^3.0.2:
  version "3.0.7"
  resolved "https://registry.yarnpkg.com/signal-exit/-/signal-exit-3.0.7.tgz#a9a1767f8af84155114eaabd73f99273c8f59ad9"
  integrity sha512-wnD2ZE+l+SPC/uoS0vXeE9L1+0wuaMqKlfz9AMUo38JsyLSBWSFcHR1Rri62LZc12vLr1gb3jl7iwQhgwpAbGQ==

simport@^1.2.0:
  version "1.2.0"
  resolved "https://registry.yarnpkg.com/simport/-/simport-1.2.0.tgz#7baabdc1787b3dd8d9ef157938442ddff14d6e6b"
  integrity sha512-85Bm7pKsqiiQ8rmYCaPDdlXZjJvuW6/k/FY8MTtLFMgU7f8S00CgTHfRtWB6KwSb6ek4p9YyG2enG1+yJbl+CA==
  dependencies:
    readjson "^2.2.0"
    try-to-catch "^3.0.0"

smart-buffer@^4.2.0:
  version "4.2.0"
  resolved "https://registry.yarnpkg.com/smart-buffer/-/smart-buffer-4.2.0.tgz#6e1d71fa4f18c05f7d0ff216dd16a481d0e8d9ae"
  integrity sha512-94hK0Hh8rPqQl2xXc3HsaBoOXKV20MToPkcXvwbISWLEs+64sBq5kFgn2kJDHb1Pry9yrP0dxrCI9RRci7RXKg==

socks-proxy-agent@^6.1.0, socks-proxy-agent@^6.1.1:
  version "6.1.1"
  resolved "https://registry.yarnpkg.com/socks-proxy-agent/-/socks-proxy-agent-6.1.1.tgz#e664e8f1aaf4e1fb3df945f09e3d94f911137f87"
  integrity sha512-t8J0kG3csjA4g6FTbsMOWws+7R7vuRC8aQ/wy3/1OWmsgwA68zs/+cExQ0koSitUDXqhufF/YJr9wtNMZHw5Ew==
  dependencies:
    agent-base "^6.0.2"
    debug "^4.3.1"
    socks "^2.6.1"

socks@^2.6.1:
  version "2.6.2"
  resolved "https://registry.yarnpkg.com/socks/-/socks-2.6.2.tgz#ec042d7960073d40d94268ff3bb727dc685f111a"
  integrity sha512-zDZhHhZRY9PxRruRMR7kMhnf3I8hDs4S3f9RecfnGxvcBHQcKcIH/oUcEWffsfl1XxdYlA7nnlGbbTvPz9D8gA==
  dependencies:
    ip "^1.1.5"
    smart-buffer "^4.2.0"

sprintf-js@~1.0.2:
  version "1.0.3"
  resolved "https://registry.yarnpkg.com/sprintf-js/-/sprintf-js-1.0.3.tgz#04e6926f662895354f3dd015203633b857297e2c"
  integrity sha1-BOaSb2YolTVPPdAVIDYzuFcpfiw=

ssri@^8.0.1:
  version "8.0.1"
  resolved "https://registry.yarnpkg.com/ssri/-/ssri-8.0.1.tgz#638e4e439e2ffbd2cd289776d5ca457c4f51a2af"
  integrity sha512-97qShzy1AiyxvPNIkLWoGua7xoQzzPjQ0HAH4B0rWKo7SZ6USuPcrUiAFrws0UH8RrbWmgq3LMTObhPIHbbBeQ==
  dependencies:
    minipass "^3.1.1"

stack-utils@^2.0.3:
  version "2.0.5"
  resolved "https://registry.yarnpkg.com/stack-utils/-/stack-utils-2.0.5.tgz#d25265fca995154659dbbfba3b49254778d2fdd5"
  integrity sha512-xrQcmYhOsn/1kX+Vraq+7j4oE2j/6BFscZ0etmYg81xuM8Gq0022Pxb8+IqgOFUIaxHs0KaSb7T1+OegiNrNFA==
  dependencies:
    escape-string-regexp "^2.0.0"

steno@^2.1.0:
  version "2.1.0"
  resolved "https://registry.yarnpkg.com/steno/-/steno-2.1.0.tgz#05a9c378ce42ed04f642cda6fcb41787a10e4e33"
  integrity sha512-mauOsiaqTNGFkWqIfwcm3y/fq+qKKaIWf1vf3ocOuTdco9XoHCO2AGF1gFYXuZFSWuP38Q8LBHBGJv2KnJSXyA==

supports-color@^5.3.0:
  version "5.5.0"
  resolved "https://registry.yarnpkg.com/supports-color/-/supports-color-5.5.0.tgz#e2e69a44ac8772f78a1ec0b35b689df6530efc8f"
  integrity sha512-QjVjwdXIt408MIiAqCX4oUKsgU2EqAGzs2Ppkm4aQYbjm+ZEWEcW4SfFNTr4uMNZma0ey4f5lgLrkB0aX0QMow==
  dependencies:
    has-flag "^3.0.0"

supports-color@^7.1.0:
  version "7.2.0"
  resolved "https://registry.yarnpkg.com/supports-color/-/supports-color-7.2.0.tgz#1b7dcdcb32b8138801b3e478ba6a51caa89648da"
  integrity sha512-qpCAvRl9stuOHveKsn7HncJRvv501qIacKzQlO/+Lwxc9+0q2wLyv4Dfvt80/DPn2pqOBsJdDiogXGR9+OvwRw==
  dependencies:
    has-flag "^4.0.0"

supports-preserve-symlinks-flag@^1.0.0:
  version "1.0.0"
  resolved "https://registry.yarnpkg.com/supports-preserve-symlinks-flag/-/supports-preserve-symlinks-flag-1.0.0.tgz#6eda4bd344a3c94aea376d4cc31bc77311039e09"
  integrity sha512-ot0WnXS9fgdkgIcePe6RHNk1WA8+muPa6cSjeR3V8K27q9BB1rTE3R1p7Hv0z1ZyAc8s6Vvv8DIyWf681MAt0w==

tar@^6.0.2:
  version "6.1.11"
  resolved "https://registry.yarnpkg.com/tar/-/tar-6.1.11.tgz#6760a38f003afa1b2ffd0ffe9e9abbd0eab3d621"
  integrity sha512-an/KZQzQUkZCkuoAA64hM92X0Urb6VpRhAFllDzz44U2mcD5scmT3zBc4VgVpkugF580+DQn8eAFSyoQt0tznA==
  dependencies:
    chownr "^2.0.0"
    fs-minipass "^2.0.0"
    minipass "^3.0.0"
    minizlib "^2.1.1"
    mkdirp "^1.0.3"
    yallist "^4.0.0"

time-helpers@^1.0.0:
  version "1.0.0"
  resolved "https://registry.yarnpkg.com/time-helpers/-/time-helpers-1.0.0.tgz#b1fd13046f1855ac0366ee4b5e7a9aafdaab67f5"
  integrity sha512-g0l5X5lVLkZrCXqrP2FjoB1a+1SF9yGlCkanVsw3oCa4XArHlS+leCQ8ZhWBosaIJFEE6EQgzeCm9/I2wbN8kQ==
  dependencies:
    moment "^2.29.1"

tor-mgr@^1.0.0:
  version "1.0.1"
  resolved "https://registry.yarnpkg.com/tor-mgr/-/tor-mgr-1.0.1.tgz#731bced595beaa3986be4e8cbcf2b73b5eeee513"
  integrity sha512-eyjDlznCIAeQ8j5sAIQYkU9LfA3GHUDJ5TPhOYjGAPzKdpYHUaEbelqyA+SLuj66bgDTPk5dYAYOY3StyEv87Q==
  dependencies:
    find-process "^1.4.4"
    is-running-process "^1.0.0"
    time-helpers "^1.0.0"

try-catch@^3.0.0:
  version "3.0.0"
  resolved "https://registry.yarnpkg.com/try-catch/-/try-catch-3.0.0.tgz#7996d8b89895e2e8ae62cbdbeb4fe17470f8131b"
  integrity sha512-3uAqUnoemzca1ENvZ72EVimR+E8lqBbzwZ9v4CEbLjkaV3Q+FtdmPUt7jRtoSoTiYjyIMxEkf6YgUpe/voJ1ng==

try-to-catch@^3.0.0:
  version "3.0.0"
  resolved "https://registry.yarnpkg.com/try-to-catch/-/try-to-catch-3.0.0.tgz#a1903b44d13d5124c54d14a461d22ec1f52ea14b"
  integrity sha512-eIm6ZXwR35jVF8By/HdbbkcaCDTBI5PpCPkejRKrYp0jyf/DbCCcRhHD7/O9jtFI3ewsqo9WctFEiJTS6i+CQA==

tslib@^1.13.0, tslib@^1.8.1:
  version "1.14.1"
  resolved "https://registry.yarnpkg.com/tslib/-/tslib-1.14.1.tgz#cf2d38bdc34a134bcaf1091c41f6619e2f672d00"
  integrity sha512-Xni35NKzjgMrwevysHTCArtLDpPvye8zV/0E4EyYn43P7/7qvQwPh9BGkHewbMulVntbigmcT7rdX3BNo9wRJg==

tslint-config-prettier@^1.18.0:
  version "1.18.0"
  resolved "https://registry.yarnpkg.com/tslint-config-prettier/-/tslint-config-prettier-1.18.0.tgz#75f140bde947d35d8f0d238e0ebf809d64592c37"
  integrity sha512-xPw9PgNPLG3iKRxmK7DWr+Ea/SzrvfHtjFt5LBl61gk2UBG/DB9kCXRjv+xyIU1rUtnayLeMUVJBcMX8Z17nDg==

tslint@^6.1.3:
  version "6.1.3"
  resolved "https://registry.yarnpkg.com/tslint/-/tslint-6.1.3.tgz#5c23b2eccc32487d5523bd3a470e9aa31789d904"
  integrity sha512-IbR4nkT96EQOvKE2PW/djGz8iGNeJ4rF2mBfiYaR/nvUWYKJhLwimoJKgjIFEIDibBtOevj7BqCRL4oHeWWUCg==
  dependencies:
    "@babel/code-frame" "^7.0.0"
    builtin-modules "^1.1.1"
    chalk "^2.3.0"
    commander "^2.12.1"
    diff "^4.0.1"
    glob "^7.1.1"
    js-yaml "^3.13.1"
    minimatch "^3.0.4"
    mkdirp "^0.5.3"
    resolve "^1.3.2"
    semver "^5.3.0"
    tslib "^1.13.0"
    tsutils "^2.29.0"

tsutils@^2.29.0:
  version "2.29.0"
  resolved "https://registry.yarnpkg.com/tsutils/-/tsutils-2.29.0.tgz#32b488501467acbedd4b85498673a0812aca0b99"
  integrity sha512-g5JVHCIJwzfISaXpXE1qvNalca5Jwob6FjI4AoPlqMusJ6ftFE7IkkFoMhVLRgK+4Kx3gkzb8UZK5t5yTTvEmA==
  dependencies:
    tslib "^1.8.1"

typescript@^4.5.5:
  version "4.5.5"
  resolved "https://registry.yarnpkg.com/typescript/-/typescript-4.5.5.tgz#d8c953832d28924a9e3d37c73d729c846c5896f3"
  integrity sha512-TCTIul70LyWe6IJWT8QSYeA54WQe8EjQFU4wY52Fasj5UKx88LNYKCgBEHcOMOrFF1rKGbD8v/xcNWVUq9SymA==

unique-filename@^1.1.1:
  version "1.1.1"
  resolved "https://registry.yarnpkg.com/unique-filename/-/unique-filename-1.1.1.tgz#1d69769369ada0583103a1e6ae87681b56573230"
  integrity sha512-Vmp0jIp2ln35UTXuryvjzkjGdRyf9b2lTXuSYUiPmzRcl3FDtYqAwOnTJkAngD9SWhnoJzDbTKwaOrZ+STtxNQ==
  dependencies:
    unique-slug "^2.0.0"

unique-slug@^2.0.0:
  version "2.0.2"
  resolved "https://registry.yarnpkg.com/unique-slug/-/unique-slug-2.0.2.tgz#baabce91083fc64e945b0f3ad613e264f7cd4e6c"
  integrity sha512-zoWr9ObaxALD3DOPfjPSqxt4fnZiWblxHIgeWqW8x7UqDzEtHEQLzji2cuJYQFCU6KmoJikOYAZlrTHHebjx2w==
  dependencies:
    imurmurhash "^0.1.4"

web-streams-polyfill@^3.0.3:
  version "3.2.0"
  resolved "https://registry.yarnpkg.com/web-streams-polyfill/-/web-streams-polyfill-3.2.0.tgz#a6b74026b38e4885869fb5c589e90b95ccfc7965"
  integrity sha512-EqPmREeOzttaLRm5HS7io98goBgZ7IVz79aDvqjD0kYXLtFZTc0T/U6wHTPKyIjb+MdN7DFIIX6hgdBEpWmfPA==

wrappy@1:
  version "1.0.2"
  resolved "https://registry.yarnpkg.com/wrappy/-/wrappy-1.0.2.tgz#b5243d8f3ec1aa35f1364605bc0d1036e30ab69f"
  integrity sha1-tSQ9jz7BqjXxNkYFvA0QNuMKtp8=

ws@^7.4.6:
  version "7.5.7"
  resolved "https://registry.yarnpkg.com/ws/-/ws-7.5.7.tgz#9e0ac77ee50af70d58326ecff7e85eb3fa375e67"
  integrity sha512-KMvVuFzpKBuiIXW3E4u3mySRO2/mCHSyZDJQM5NQ9Q9KHWHWh0NHgfbRMLLrceUK5qAL4ytALJbpRMjixFZh8A==

yallist@^4.0.0:
  version "4.0.0"
  resolved "https://registry.yarnpkg.com/yallist/-/yallist-4.0.0.tgz#9bb92790d9c0effec63be73519e11a35019a3a72"
  integrity sha512-3wdGidZyq5PB084XLES5TpOSRA3wjXAlIWMhum2kRcv/41Sn2emQ0dycQW4uZXLejwKvg6EsvbdlVL+FYEct7A==

yauzl@^2.10.0:
  version "2.10.0"
  resolved "https://registry.yarnpkg.com/yauzl/-/yauzl-2.10.0.tgz#c7eb17c93e112cb1086fa6d8e51fb0667b79a5f9"
  integrity sha1-x+sXyT4RLLEIb6bY5R+wZnt5pfk=
  dependencies:
    buffer-crc32 "~0.2.3"
    fd-slicer "~1.1.0"

yazl@^2.5.1:
  version "2.5.1"
  resolved "https://registry.yarnpkg.com/yazl/-/yazl-2.5.1.tgz#a3d65d3dd659a5b0937850e8609f22fffa2b5c35"
  integrity sha512-phENi2PLiHnHb6QBVot+dJnaAZ0xosj7p3fWl+znIjBDlnMI2PsZCJZ306BPTFOaHf5qdDEI8x5qFrSOBN5vrw==
  dependencies:
    buffer-crc32 "~0.2.3"
